
Microsoft Visual Studio Solution File, Format Version 12.00
# Visual Studio Version 17
VisualStudioVersion = 17.6.33801.468
MinimumVisualStudioVersion = 10.0.40219.1
Project("{FAE04EC0-301F-11D3-BF4B-00C04F79EFBC}") = "TextLibrary", "TextLibrary.csproj", "{70141B5F-1065-44D9-AD47-8095F9BA97EB}"
EndProject
Global
	GlobalSection(SolutionConfigurationPlatforms) = preSolution
		Debug|Any CPU = Debug|Any CPU
		Release|Any CPU = Release|Any CPU
	EndGlobalSection
	GlobalSection(ProjectConfigurationPlatforms) = postSolution
		{70141B5F-1065-44D9-AD47-8095F9BA97EB}.Debug|Any CPU.ActiveCfg = Debug|Any CPU
		{70141B5F-1065-44D9-AD47-8095F9BA97EB}.Debug|Any CPU.Build.0 = Debug|Any CPU
		{70141B5F-1065-44D9-AD47-8095F9BA97EB}.Release|Any CPU.ActiveCfg = Release|Any CPU
		{70141B5F-1065-44D9-AD47-8095F9BA97EB}.Release|Any CPU.Build.0 = Release|Any CPU
	EndGlobalSection
	GlobalSection(SolutionProperties) = preSolution
		HideSolutionNode = FALSE
	EndGlobalSection
	GlobalSection(ExtensibilityGlobals) = postSolution
		SolutionGuid = {75732AF5-E4BC-4A7E-B33B-106E59AE82E5}
	EndGlobalSection
EndGlobal
